
Microsoft Visual Studio Solution File, Format Version 12.00
# Visual Studio Version 17
VisualStudioVersion = 17.7.34202.233
MinimumVisualStudioVersion = 10.0.40219.1
Project("{FAE04EC0-301F-11D3-BF4B-00C04F79EFBC}") = "restaurant.api", "restaurant.api.csproj", "{133A901A-3C43-4E99-8E38-7FCE783EB408}"
EndProject
Global
	GlobalSection(SolutionConfigurationPlatforms) = preSolution
		Debug|Any CPU = Debug|Any CPU
		Release|Any CPU = Release|Any CPU
	EndGlobalSection
	GlobalSection(ProjectConfigurationPlatforms) = postSolution
		{133A901A-3C43-4E99-8E38-7FCE783EB408}.Debug|Any CPU.ActiveCfg = Debug|Any CPU
		{133A901A-3C43-4E99-8E38-7FCE783EB408}.Debug|Any CPU.Build.0 = Debug|Any CPU
		{133A901A-3C43-4E99-8E38-7FCE783EB408}.Release|Any CPU.ActiveCfg = Release|Any CPU
		{133A901A-3C43-4E99-8E38-7FCE783EB408}.Release|Any CPU.Build.0 = Release|Any CPU
	EndGlobalSection
	GlobalSection(SolutionProperties) = preSolution
		HideSolutionNode = FALSE
	EndGlobalSection
	GlobalSection(ExtensibilityGlobals) = postSolution
		SolutionGuid = {FE6A58F8-33B6-4A91-B3C2-1F4A6005B2C1}
	EndGlobalSection
EndGlobal
